<?xml version="1.0" encoding="utf-8"?>
<Project ToolsVersion="4.0" xmlns="http://schemas.microsoft.com/developer/msbuild/2003">
  <ItemGroup>
    <Filter Include="Source Files">
      <UniqueIdentifier>{4FC737F1-C7A5-4376-A066-2A32D752A2FF}</UniqueIdentifier>
      <Extensions>cpp;c;cc;cxx;c++;cppm;ixx;def;odl;idl;hpj;bat;asm;asmx</Extensions>
    </Filter>
    <Filter Include="Header Files">
      <UniqueIdentifier>{93995380-89BD-4b04-88EB-625FBE52EBFB}</UniqueIdentifier>
      <Extensions>h;hh;hpp;hxx;h++;hm;inl;inc;ipp;xsd</Extensions>
    </Filter>
    <Filter Include="Resource Files">
      <UniqueIdentifier>{67DA6AB6-F800-4c08-8B7A-83BB121AAD01}</UniqueIdentifier>
      <Extensions>rc;ico;cur;bmp;dlg;rc2;rct;bin;rgs;gif;jpg;jpeg;jpe;resx;tiff;tif;png;wav;mfcribbon-ms</Extensions>
    </Filter>
    <Filter Include="Header Files\Common">
      <UniqueIdentifier>{f5884fd9-462b-4a37-a4fd-b2e7857af9cf}</UniqueIdentifier>
    </Filter>
    <Filter Include="Source Files\Common">
      <UniqueIdentifier>{90c8b3a2-3843-4d27-8ed5-0eb300b3df42}</UniqueIdentifier>
    </Filter>
    <Filter Include="Source Files\Shaders">
      <UniqueIdentifier>{4c2a4270-d977-46b0-96aa-832a2a4ee173}</UniqueIdentifier>
    </Filter>
    <Filter Include="Resource Files\Models">
      <UniqueIdentifier>{86321cb5-d33c-431e-a076-1de7c06a040a}</UniqueIdentifier>
    </Filter>
    <Filter Include="Resource Files\Textures">
      <UniqueIdentifier>{52b43e5d-a299-4a96-9e4d-018aa7406f1f}</UniqueIdentifier>
    </Filter>
  </ItemGroup>
  <ItemGroup>
    <ClCompile Include="Chapter4.cpp">
      <Filter>Source Files</Filter>
    </ClCompile>
    <ClCompile Include="Common\d3dApp.cpp">
      <Filter>Source Files\Common</Filter>
    </ClCompile>
    <ClCompile Include="LandAndWavesApp.cpp">
      <Filter>Source Files</Filter>
    </ClCompile>
    <ClCompile Include="Common\DDSTextureLoader.cpp">
      <Filter>Source Files\Common</Filter>
    </ClCompile>
  </ItemGroup>
  <ItemGroup>
    <ClInclude Include="Chapter4.h">
      <Filter>Header Files</Filter>
    </ClInclude>
    <ClInclude Include="Common\d3dApp.h">
      <Filter>Header Files\Common</Filter>
    </ClInclude>
    <ClInclude Include="Common\d3dUtil.h">
      <Filter>Header Files\Common</Filter>
    </ClInclude>
    <ClInclude Include="Common\d3dx12.h">
      <Filter>Header Files\Common</Filter>
    </ClInclude>
    <ClInclude Include="Common\framework.h">
      <Filter>Header Files\Common</Filter>
    </ClInclude>
    <ClInclude Include="Common\targetver.h">
      <Filter>Header Files\Common</Filter>
    </ClInclude>
    <ClInclude Include="Common\GameTimer.h">
      <Filter>Header Files\Common</Filter>
    </ClInclude>
    <ClInclude Include="Common\concepts.h">
      <Filter>Header Files\Common</Filter>
    </ClInclude>
    <ClInclude Include="InitDirect3D.h">
      <Filter>Header Files</Filter>
    </ClInclude>
    <ClInclude Include="BoxApp.h">
      <Filter>Header Files</Filter>
    </ClInclude>
    <ClInclude Include="TwoVertSlot.h">
      <Filter>Header Files</Filter>
    </ClInclude>
    <ClInclude Include="Common\GeometryGenerator.h">
      <Filter>Header Files\Common</Filter>
    </ClInclude>
    <ClInclude Include="Common\hlsltype.h">
      <Filter>Header Files\Common</Filter>
    </ClInclude>
    <ClInclude Include="ShapesApp.h">
      <Filter>Header Files</Filter>
    </ClInclude>
    <ClInclude Include="LandAndWavesApp.h">
      <Filter>Header Files</Filter>
    </ClInclude>
    <ClInclude Include="SkullApp.h">
      <Filter>Header Files</Filter>
    </ClInclude>
    <ClInclude Include="LitWavesApp.h">
      <Filter>Header Files</Filter>
    </ClInclude>
    <ClInclude Include="CrateApp.h">
      <Filter>Header Files</Filter>
    </ClInclude>
    <ClInclude Include="Common\DDSTextureLoader.h">
      <Filter>Header Files\Common</Filter>
    </ClInclude>
    <ClInclude Include="TexWavesApp.h">
      <Filter>Header Files</Filter>
    </ClInclude>
    <ClInclude Include="BlendApp.h">
      <Filter>Header Files</Filter>
    </ClInclude>
    <ClInclude Include="StencilApp.h">
      <Filter>Header Files</Filter>
    </ClInclude>
  </ItemGroup>
  <ItemGroup>
    <CopyFileToFolders Include="Shaders\Box.hlsl">
      <Filter>Source Files\Shaders</Filter>
    </CopyFileToFolders>
    <CopyFileToFolders Include="Shaders\Shapes.hlsl">
      <Filter>Source Files\Shaders</Filter>
    </CopyFileToFolders>
    <CopyFileToFolders Include="Models\skull.txt">
      <Filter>Resource Files\Models</Filter>
    </CopyFileToFolders>
    <CopyFileToFolders Include="Models\car.txt">
      <Filter>Resource Files\Models</Filter>
    </CopyFileToFolders>
    <CopyFileToFolders Include="Shaders\LightingUtils.hlsl">
      <Filter>Source Files\Shaders</Filter>
    </CopyFileToFolders>
    <CopyFileToFolders Include="Shaders\DefaultLighting.hlsl">
      <Filter>Source Files\Shaders</Filter>
    </CopyFileToFolders>
    <CopyFileToFolders Include="Textures\bricks.dds">
      <Filter>Resource Files\Textures</Filter>
    </CopyFileToFolders>
    <CopyFileToFolders Include="Textures\bricks_nmap.dds">
      <Filter>Resource Files\Textures</Filter>
    </CopyFileToFolders>
    <CopyFileToFolders Include="Textures\bricks2.dds">
      <Filter>Resource Files\Textures</Filter>
    </CopyFileToFolders>
    <CopyFileToFolders Include="Textures\bricks2_nmap.dds">
      <Filter>Resource Files\Textures</Filter>
    </CopyFileToFolders>
    <CopyFileToFolders Include="Textures\bricks3.dds">
      <Filter>Resource Files\Textures</Filter>
    </CopyFileToFolders>
    <CopyFileToFolders Include="Textures\checkboard.dds">
      <Filter>Resource Files\Textures</Filter>
    </CopyFileToFolders>
    <CopyFileToFolders Include="Textures\default_nmap.dds">
      <Filter>Resource Files\Textures</Filter>
    </CopyFileToFolders>
    <CopyFileToFolders Include="Textures\desertcube1024.dds">
      <Filter>Resource Files\Textures</Filter>
    </CopyFileToFolders>
    <CopyFileToFolders Include="Textures\grass.dds">
      <Filter>Resource Files\Textures</Filter>
    </CopyFileToFolders>
    <CopyFileToFolders Include="Textures\grasscube1024.dds">
      <Filter>Resource Files\Textures</Filter>
    </CopyFileToFolders>
    <CopyFileToFolders Include="Textures\head_diff.dds">
      <Filter>Resource Files\Textures</Filter>
    </CopyFileToFolders>
    <CopyFileToFolders Include="Textures\head_norm.dds">
      <Filter>Resource Files\Textures</Filter>
    </CopyFileToFolders>
    <CopyFileToFolders Include="Textures\ice.dds">
      <Filter>Resource Files\Textures</Filter>
    </CopyFileToFolders>
    <CopyFileToFolders Include="Textures\jacket_diff.dds">
      <Filter>Resource Files\Textures</Filter>
    </CopyFileToFolders>
    <CopyFileToFolders Include="Textures\jacket_norm.dds">
      <Filter>Resource Files\Textures</Filter>
    </CopyFileToFolders>
    <CopyFileToFolders Include="Textures\pants_diff.dds">
      <Filter>Resource Files\Textures</Filter>
    </CopyFileToFolders>
    <CopyFileToFolders Include="Textures\pants_norm.dds">
      <Filter>Resource Files\Textures</Filter>
    </CopyFileToFolders>
    <CopyFileToFolders Include="Textures\snowcube1024.dds">
      <Filter>Resource Files\Textures</Filter>
    </CopyFileToFolders>
    <CopyFileToFolders Include="Textures\stone.dds">
      <Filter>Resource Files\Textures</Filter>
    </CopyFileToFolders>
    <CopyFileToFolders Include="Textures\sunsetcube1024.dds">
      <Filter>Resource Files\Textures</Filter>
    </CopyFileToFolders>
    <CopyFileToFolders Include="Textures\tile.dds">
      <Filter>Resource Files\Textures</Filter>
    </CopyFileToFolders>
    <CopyFileToFolders Include="Textures\tile_nmap.dds">
      <Filter>Resource Files\Textures</Filter>
    </CopyFileToFolders>
    <CopyFileToFolders Include="Textures\tree0.bmp">
      <Filter>Resource Files\Textures</Filter>
    </CopyFileToFolders>
    <CopyFileToFolders Include="Textures\tree01S.dds">
      <Filter>Resource Files\Textures</Filter>
    </CopyFileToFolders>
    <CopyFileToFolders Include="Textures\tree1.bmp">
      <Filter>Resource Files\Textures</Filter>
    </CopyFileToFolders>
    <CopyFileToFolders Include="Textures\tree02S.dds">
      <Filter>Resource Files\Textures</Filter>
    </CopyFileToFolders>
    <CopyFileToFolders Include="Textures\tree2.bmp">
      <Filter>Resource Files\Textures</Filter>
    </CopyFileToFolders>
    <CopyFileToFolders Include="Textures\tree35S.dds">
      <Filter>Resource Files\Textures</Filter>
    </CopyFileToFolders>
    <CopyFileToFolders Include="Textures\treearray.dds">
      <Filter>Resource Files\Textures</Filter>
    </CopyFileToFolders>
    <CopyFileToFolders Include="Textures\treeArray2.dds">
      <Filter>Resource Files\Textures</Filter>
    </CopyFileToFolders>
    <CopyFileToFolders Include="Textures\upBody_diff.dds">
      <Filter>Resource Files\Textures</Filter>
    </CopyFileToFolders>
    <CopyFileToFolders Include="Textures\upbody_norm.dds">
      <Filter>Resource Files\Textures</Filter>
    </CopyFileToFolders>
    <CopyFileToFolders Include="Textures\water1.dds">
      <Filter>Resource Files\Textures</Filter>
    </CopyFileToFolders>
    <CopyFileToFolders Include="Textures\white1x1.dds">
      <Filter>Resource Files\Textures</Filter>
    </CopyFileToFolders>
    <CopyFileToFolders Include="Textures\WireFence.dds">
      <Filter>Resource Files\Textures</Filter>
    </CopyFileToFolders>
    <CopyFileToFolders Include="Textures\WoodCrate01.dds">
      <Filter>Resource Files\Textures</Filter>
    </CopyFileToFolders>
    <CopyFileToFolders Include="Textures\WoodCrate02.dds">
      <Filter>Resource Files\Textures</Filter>
    </CopyFileToFolders>
    <CopyFileToFolders Include="Shaders\TexLighting.hlsl">
      <Filter>Source Files\Shaders</Filter>
    </CopyFileToFolders>
  </ItemGroup>
  <ItemGroup>
    <None Include="packages.config" />
  </ItemGroup>
</Project>